
Microsoft Visual Studio Solution File, Format Version 12.00
# Visual Studio 2012
Project("{8BC9CEB8-8B4A-11D0-8D11-00A0C91BC942}") = "DinerMerger", "DinerMerger\DinerMerger.vcxproj", "{26C52DFA-2C15-427F-B98A-B6C3B5FDDB5A}"
EndProject
Global
	GlobalSection(SolutionConfigurationPlatforms) = preSolution
		Debug|Win32 = Debug|Win32
		Release|Win32 = Release|Win32
	EndGlobalSection
	GlobalSection(ProjectConfigurationPlatforms) = postSolution
		{26C52DFA-2C15-427F-B98A-B6C3B5FDDB5A}.Debug|Win32.ActiveCfg = Debug|Win32
		{26C52DFA-2C15-427F-B98A-B6C3B5FDDB5A}.Debug|Win32.Build.0 = Debug|Win32
		{26C52DFA-2C15-427F-B98A-B6C3B5FDDB5A}.Release|Win32.ActiveCfg = Release|Win32
		{26C52DFA-2C15-427F-B98A-B6C3B5FDDB5A}.Release|Win32.Build.0 = Release|Win32
	EndGlobalSection
	GlobalSection(SolutionProperties) = preSolution
		HideSolutionNode = FALSE
	EndGlobalSection
EndGlobal
