
Microsoft Visual Studio Solution File, Format Version 12.00
# Visual Studio 2012
Project("{8BC9CEB8-8B4A-11D0-8D11-00A0C91BC942}") = "starbuzz", "starbuzz\starbuzz.vcxproj", "{BA99F87B-52BF-4F30-8EF6-2C5A85F8CECE}"
EndProject
Global
	GlobalSection(SolutionConfigurationPlatforms) = preSolution
		Debug|Win32 = Debug|Win32
		Release|Win32 = Release|Win32
	EndGlobalSection
	GlobalSection(ProjectConfigurationPlatforms) = postSolution
		{BA99F87B-52BF-4F30-8EF6-2C5A85F8CECE}.Debug|Win32.ActiveCfg = Debug|Win32
		{BA99F87B-52BF-4F30-8EF6-2C5A85F8CECE}.Debug|Win32.Build.0 = Debug|Win32
		{BA99F87B-52BF-4F30-8EF6-2C5A85F8CECE}.Release|Win32.ActiveCfg = Release|Win32
		{BA99F87B-52BF-4F30-8EF6-2C5A85F8CECE}.Release|Win32.Build.0 = Release|Win32
	EndGlobalSection
	GlobalSection(SolutionProperties) = preSolution
		HideSolutionNode = FALSE
	EndGlobalSection
EndGlobal
